
Microsoft Visual Studio Solution File, Format Version 12.00
# Visual Studio 15
VisualStudioVersion = 15.0.28307.421
MinimumVisualStudioVersion = 10.0.40219.1
Project("{9A19103F-16F7-4668-BE54-9A1E7A4F7556}") = "TaskManagement.Model", "TaskManagement.Model\TaskManagement.Model.csproj", "{C8B47648-361F-4A73-A457-2A082EA56DF4}"
EndProject
Project("{9A19103F-16F7-4668-BE54-9A1E7A4F7556}") = "TaskManagement.Data", "TaskManagement.Data\TaskManagement.Data.csproj", "{E7B5E527-EC8C-4B87-9E09-CDB70C5D5E09}"
EndProject
Project("{9A19103F-16F7-4668-BE54-9A1E7A4F7556}") = "TaskManagement.Service", "TaskManagement.Service\TaskManagement.Service.csproj", "{71214B5E-5943-4F93-AE9D-123C05ABF05D}"
EndProject
Project("{9A19103F-16F7-4668-BE54-9A1E7A4F7556}") = "TaskManagement.Api", "TaskManagement.Api\TaskManagement.Api.csproj", "{C8B7C0D5-A310-49ED-8BB8-9493FD736A24}"
EndProject
Project("{FAE04EC0-301F-11D3-BF4B-00C04F79EFBC}") = "TaskManagement.Dto", "TaskManagement.Dto\TaskManagement.Dto.csproj", "{A5ACC2E0-48A3-49E1-ACD5-1EF8242A1885}"
EndProject
Global
	GlobalSection(SolutionConfigurationPlatforms) = preSolution
		Debug|Any CPU = Debug|Any CPU
		Release|Any CPU = Release|Any CPU
	EndGlobalSection
	GlobalSection(ProjectConfigurationPlatforms) = postSolution
		{C8B47648-361F-4A73-A457-2A082EA56DF4}.Debug|Any CPU.ActiveCfg = Debug|Any CPU
		{C8B47648-361F-4A73-A457-2A082EA56DF4}.Debug|Any CPU.Build.0 = Debug|Any CPU
		{C8B47648-361F-4A73-A457-2A082EA56DF4}.Release|Any CPU.ActiveCfg = Release|Any CPU
		{C8B47648-361F-4A73-A457-2A082EA56DF4}.Release|Any CPU.Build.0 = Release|Any CPU
		{E7B5E527-EC8C-4B87-9E09-CDB70C5D5E09}.Debug|Any CPU.ActiveCfg = Debug|Any CPU
		{E7B5E527-EC8C-4B87-9E09-CDB70C5D5E09}.Debug|Any CPU.Build.0 = Debug|Any CPU
		{E7B5E527-EC8C-4B87-9E09-CDB70C5D5E09}.Release|Any CPU.ActiveCfg = Release|Any CPU
		{E7B5E527-EC8C-4B87-9E09-CDB70C5D5E09}.Release|Any CPU.Build.0 = Release|Any CPU
		{71214B5E-5943-4F93-AE9D-123C05ABF05D}.Debug|Any CPU.ActiveCfg = Debug|Any CPU
		{71214B5E-5943-4F93-AE9D-123C05ABF05D}.Debug|Any CPU.Build.0 = Debug|Any CPU
		{71214B5E-5943-4F93-AE9D-123C05ABF05D}.Release|Any CPU.ActiveCfg = Release|Any CPU
		{71214B5E-5943-4F93-AE9D-123C05ABF05D}.Release|Any CPU.Build.0 = Release|Any CPU
		{C8B7C0D5-A310-49ED-8BB8-9493FD736A24}.Debug|Any CPU.ActiveCfg = Debug|Any CPU
		{C8B7C0D5-A310-49ED-8BB8-9493FD736A24}.Debug|Any CPU.Build.0 = Debug|Any CPU
		{C8B7C0D5-A310-49ED-8BB8-9493FD736A24}.Release|Any CPU.ActiveCfg = Release|Any CPU
		{C8B7C0D5-A310-49ED-8BB8-9493FD736A24}.Release|Any CPU.Build.0 = Release|Any CPU
		{A5ACC2E0-48A3-49E1-ACD5-1EF8242A1885}.Debug|Any CPU.ActiveCfg = Debug|Any CPU
		{A5ACC2E0-48A3-49E1-ACD5-1EF8242A1885}.Debug|Any CPU.Build.0 = Debug|Any CPU
		{A5ACC2E0-48A3-49E1-ACD5-1EF8242A1885}.Release|Any CPU.ActiveCfg = Release|Any CPU
		{A5ACC2E0-48A3-49E1-ACD5-1EF8242A1885}.Release|Any CPU.Build.0 = Release|Any CPU
	EndGlobalSection
	GlobalSection(SolutionProperties) = preSolution
		HideSolutionNode = FALSE
	EndGlobalSection
	GlobalSection(ExtensibilityGlobals) = postSolution
		SolutionGuid = {539E90B2-CF49-49DA-A0FA-43F149CFE72C}
	EndGlobalSection
EndGlobal
